// !$*UTF8*$!
{
	archiveVersion = 1;
	classes = {
	};
	objectVersion = 52;
	objects = {

/* Begin PBXBuildFile section */
		760731E1241B6767007E5A29 /* chat.pb.swift in Sources */ = {isa = PBXBuildFile; fileRef = 760731E0241B6767007E5A29 /* chat.pb.swift */; };
		761DE8C8241B6A8F00283B00 /* SwiftProtobuf in Frameworks */ = {isa = PBXBuildFile; productRef = 761DE8C7241B6A8F00283B00 /* SwiftProtobuf */; };
		761DE8CB241B6B2B00283B00 /* GRPC in Frameworks */ = {isa = PBXBuildFile; productRef = 761DE8CA241B6B2B00283B00 /* GRPC */; };
		761DE8CD241B6C2200283B00 /* Backend.swift in Sources */ = {isa = PBXBuildFile; fileRef = 761DE8CC241B6C2200283B00 /* Backend.swift */; };
		761DE8CF241C15A500283B00 /* chat.grpc.swift in Sources */ = {isa = PBXBuildFile; fileRef = 761DE8CE241C15A500283B00 /* chat.grpc.swift */; };
		762BA504241C93B80006EC58 /* LoginView.swift in Sources */ = {isa = PBXBuildFile; fileRef = 762BA503241C93B80006EC58 /* LoginView.swift */; };
		762BA526241DE6460006EC58 /* MotherView.swift in Sources */ = {isa = PBXBuildFile; fileRef = 762BA525241DE6460006EC58 /* MotherView.swift */; };
		7675EBF2241B3C89008575BB /* AppDelegate.swift in Sources */ = {isa = PBXBuildFile; fileRef = 7675EBF1241B3C89008575BB /* AppDelegate.swift */; };
		7675EBF4241B3C89008575BB /* SceneDelegate.swift in Sources */ = {isa = PBXBuildFile; fileRef = 7675EBF3241B3C89008575BB /* SceneDelegate.swift */; };
		7675EBF6241B3C89008575BB /* MasterDetailView.swift in Sources */ = {isa = PBXBuildFile; fileRef = 7675EBF5241B3C89008575BB /* MasterDetailView.swift */; };
		7675EBF8241B3C8C008575BB /* Assets.xcassets in Resources */ = {isa = PBXBuildFile; fileRef = 7675EBF7241B3C8C008575BB /* Assets.xcassets */; };
		7675EBFB241B3C8C008575BB /* Preview Assets.xcassets in Resources */ = {isa = PBXBuildFile; fileRef = 7675EBFA241B3C8C008575BB /* Preview Assets.xcassets */; };
		7675EBFE241B3C8C008575BB /* LaunchScreen.storyboard in Resources */ = {isa = PBXBuildFile; fileRef = 7675EBFC241B3C8C008575BB /* LaunchScreen.storyboard */; };
/* End PBXBuildFile section */

/* Begin PBXFileReference section */
		760731E0241B6767007E5A29 /* chat.pb.swift */ = {isa = PBXFileReference; fileEncoding = 4; lastKnownFileType = sourcecode.swift; path = chat.pb.swift; sourceTree = "<group>"; };
		761DE8CC241B6C2200283B00 /* Backend.swift */ = {isa = PBXFileReference; lastKnownFileType = sourcecode.swift; path = Backend.swift; sourceTree = "<group>"; };
		761DE8CE241C15A500283B00 /* chat.grpc.swift */ = {isa = PBXFileReference; fileEncoding = 4; lastKnownFileType = sourcecode.swift; path = chat.grpc.swift; sourceTree = "<group>"; };
		762BA503241C93B80006EC58 /* LoginView.swift */ = {isa = PBXFileReference; lastKnownFileType = sourcecode.swift; path = LoginView.swift; sourceTree = "<group>"; };
		762BA525241DE6460006EC58 /* MotherView.swift */ = {isa = PBXFileReference; lastKnownFileType = sourcecode.swift; path = MotherView.swift; sourceTree = "<group>"; };
		7675EBEE241B3C89008575BB /* chat.app */ = {isa = PBXFileReference; explicitFileType = wrapper.application; includeInIndex = 0; path = chat.app; sourceTree = BUILT_PRODUCTS_DIR; };
		7675EBF1241B3C89008575BB /* AppDelegate.swift */ = {isa = PBXFileReference; lastKnownFileType = sourcecode.swift; path = AppDelegate.swift; sourceTree = "<group>"; };
		7675EBF3241B3C89008575BB /* SceneDelegate.swift */ = {isa = PBXFileReference; lastKnownFileType = sourcecode.swift; path = SceneDelegate.swift; sourceTree = "<group>"; };
		7675EBF5241B3C89008575BB /* MasterDetailView.swift */ = {isa = PBXFileReference; lastKnownFileType = sourcecode.swift; path = MasterDetailView.swift; sourceTree = "<group>"; };
		7675EBF7241B3C8C008575BB /* Assets.xcassets */ = {isa = PBXFileReference; lastKnownFileType = folder.assetcatalog; path = Assets.xcassets; sourceTree = "<group>"; };
		7675EBFA241B3C8C008575BB /* Preview Assets.xcassets */ = {isa = PBXFileReference; lastKnownFileType = folder.assetcatalog; path = "Preview Assets.xcassets"; sourceTree = "<group>"; };
		7675EBFD241B3C8C008575BB /* Base */ = {isa = PBXFileReference; lastKnownFileType = file.storyboard; name = Base; path = Base.lproj/LaunchScreen.storyboard; sourceTree = "<group>"; };
		7675EBFF241B3C8C008575BB /* Info.plist */ = {isa = PBXFileReference; lastKnownFileType = text.plist.xml; path = Info.plist; sourceTree = "<group>"; };
/* End PBXFileReference section */

/* Begin PBXFrameworksBuildPhase section */
		7675EBEB241B3C89008575BB /* Frameworks */ = {
			isa = PBXFrameworksBuildPhase;
			buildActionMask = 2147483647;
			files = (
				761DE8CB241B6B2B00283B00 /* GRPC in Frameworks */,
				761DE8C8241B6A8F00283B00 /* SwiftProtobuf in Frameworks */,
			);
			runOnlyForDeploymentPostprocessing = 0;
		};
/* End PBXFrameworksBuildPhase section */

/* Begin PBXGroup section */
		7675EBE5241B3C89008575BB = {
			isa = PBXGroup;
			children = (
				7675EBF0241B3C89008575BB /* chat */,
				7675EBEF241B3C89008575BB /* Products */,
			);
			sourceTree = "<group>";
		};
		7675EBEF241B3C89008575BB /* Products */ = {
			isa = PBXGroup;
			children = (
				7675EBEE241B3C89008575BB /* chat.app */,
			);
			name = Products;
			sourceTree = "<group>";
		};
		7675EBF0241B3C89008575BB /* chat */ = {
			isa = PBXGroup;
			children = (
				7675EBF1241B3C89008575BB /* AppDelegate.swift */,
				7675EBF3241B3C89008575BB /* SceneDelegate.swift */,
				762BA525241DE6460006EC58 /* MotherView.swift */,
				762BA503241C93B80006EC58 /* LoginView.swift */,
				7675EBF5241B3C89008575BB /* MasterDetailView.swift */,
				761DE8CC241B6C2200283B00 /* Backend.swift */,
				760731E0241B6767007E5A29 /* chat.pb.swift */,
				761DE8CE241C15A500283B00 /* chat.grpc.swift */,
				7675EBF7241B3C8C008575BB /* Assets.xcassets */,
				7675EBFC241B3C8C008575BB /* LaunchScreen.storyboard */,
				7675EBFF241B3C8C008575BB /* Info.plist */,
				7675EBF9241B3C8C008575BB /* Preview Content */,
			);
			path = chat;
			sourceTree = "<group>";
		};
		7675EBF9241B3C8C008575BB /* Preview Content */ = {
			isa = PBXGroup;
			children = (
				7675EBFA241B3C8C008575BB /* Preview Assets.xcassets */,
			);
			path = "Preview Content";
			sourceTree = "<group>";
		};
/* End PBXGroup section */

/* Begin PBXNativeTarget section */
		7675EBED241B3C89008575BB /* chat */ = {
			isa = PBXNativeTarget;
			buildConfigurationList = 7675EC02241B3C8C008575BB /* Build configuration list for PBXNativeTarget "chat" */;
			buildPhases = (
				7675EBEA241B3C89008575BB /* Sources */,
				7675EBEB241B3C89008575BB /* Frameworks */,
				7675EBEC241B3C89008575BB /* Resources */,
			);
			buildRules = (
			);
			dependencies = (
			);
			name = chat;
			packageProductDependencies = (
				761DE8C7241B6A8F00283B00 /* SwiftProtobuf */,
				761DE8CA241B6B2B00283B00 /* GRPC */,
			);
			productName = chat;
			productReference = 7675EBEE241B3C89008575BB /* chat.app */;
			productType = "com.apple.product-type.application";
		};
/* End PBXNativeTarget section */

/* Begin PBXProject section */
		7675EBE6241B3C89008575BB /* Project object */ = {
			isa = PBXProject;
			attributes = {
				LastSwiftUpdateCheck = 1130;
				LastUpgradeCheck = 1130;
				ORGANIZATIONNAME = x;
				TargetAttributes = {
					7675EBED241B3C89008575BB = {
						CreatedOnToolsVersion = 11.3.1;
					};
				};
			};
			buildConfigurationList = 7675EBE9241B3C89008575BB /* Build configuration list for PBXProject "chat" */;
			compatibilityVersion = "Xcode 9.3";
			developmentRegion = en;
			hasScannedForEncodings = 0;
			knownRegions = (
				en,
				Base,
			);
			mainGroup = 7675EBE5241B3C89008575BB;
			packageReferences = (
				761DE8C6241B6A8F00283B00 /* XCRemoteSwiftPackageReference "swift-protobuf" */,
				761DE8C9241B6B2B00283B00 /* XCRemoteSwiftPackageReference "grpc-swift" */,
			);
			productRefGroup = 7675EBEF241B3C89008575BB /* Products */;
			projectDirPath = "";
			projectRoot = "";
			targets = (
				7675EBED241B3C89008575BB /* chat */,
			);
		};
/* End PBXProject section */

/* Begin PBXResourcesBuildPhase section */
		7675EBEC241B3C89008575BB /* Resources */ = {
			isa = PBXResourcesBuildPhase;
			buildActionMask = 2147483647;
			files = (
				7675EBFE241B3C8C008575BB /* LaunchScreen.storyboard in Resources */,
				7675EBFB241B3C8C008575BB /* Preview Assets.xcassets in Resources */,
				7675EBF8241B3C8C008575BB /* Assets.xcassets in Resources */,
			);
			runOnlyForDeploymentPostprocessing = 0;
		};
/* End PBXResourcesBuildPhase section */

/* Begin PBXSourcesBuildPhase section */
		7675EBEA241B3C89008575BB /* Sources */ = {
			isa = PBXSourcesBuildPhase;
			buildActionMask = 2147483647;
			files = (
				760731E1241B6767007E5A29 /* chat.pb.swift in Sources */,
				762BA504241C93B80006EC58 /* LoginView.swift in Sources */,
				7675EBF2241B3C89008575BB /* AppDelegate.swift in Sources */,
				7675EBF4241B3C89008575BB /* SceneDelegate.swift in Sources */,
				7675EBF6241B3C89008575BB /* MasterDetailView.swift in Sources */,
				762BA526241DE6460006EC58 /* MotherView.swift in Sources */,
				761DE8CF241C15A500283B00 /* chat.grpc.swift in Sources */,
				761DE8CD241B6C2200283B00 /* Backend.swift in Sources */,
			);
			runOnlyForDeploymentPostprocessing = 0;
		};
/* End PBXSourcesBuildPhase section */

/* Begin PBXVariantGroup section */
		7675EBFC241B3C8C008575BB /* LaunchScreen.storyboard */ = {
			isa = PBXVariantGroup;
			children = (
				7675EBFD241B3C8C008575BB /* Base */,
			);
			name = LaunchScreen.storyboard;
			sourceTree = "<group>";
		};
/* End PBXVariantGroup section */

/* Begin XCBuildConfiguration section */
		7675EC00241B3C8C008575BB /* Debug */ = {
			isa = XCBuildConfiguration;
			buildSettings = {
				ALWAYS_SEARCH_USER_PATHS = NO;
				CLANG_ANALYZER_NONNULL = YES;
				CLANG_ANALYZER_NUMBER_OBJECT_CONVERSION = YES_AGGRESSIVE;
				CLANG_CXX_LANGUAGE_STANDARD = "gnu++14";
				CLANG_CXX_LIBRARY = "libc++";
				CLANG_ENABLE_MODULES = YES;
				CLANG_ENABLE_OBJC_ARC = YES;
				CLANG_ENABLE_OBJC_WEAK = YES;
				CLANG_WARN_BLOCK_CAPTURE_AUTORELEASING = YES;
				CLANG_WARN_BOOL_CONVERSION = YES;
				CLANG_WARN_COMMA = YES;
				CLANG_WARN_CONSTANT_CONVERSION = YES;
				CLANG_WARN_DEPRECATED_OBJC_IMPLEMENTATIONS = YES;
				CLANG_WARN_DIRECT_OBJC_ISA_USAGE = YES_ERROR;
				CLANG_WARN_DOCUMENTATION_COMMENTS = YES;
				CLANG_WARN_EMPTY_BODY = YES;
				CLANG_WARN_ENUM_CONVERSION = YES;
				CLANG_WARN_INFINITE_RECURSION = YES;
				CLANG_WARN_INT_CONVERSION = YES;
				CLANG_WARN_NON_LITERAL_NULL_CONVERSION = YES;
				CLANG_WARN_OBJC_IMPLICIT_RETAIN_SELF = YES;
				CLANG_WARN_OBJC_LITERAL_CONVERSION = YES;
				CLANG_WARN_OBJC_ROOT_CLASS = YES_ERROR;
				CLANG_WARN_RANGE_LOOP_ANALYSIS = YES;
				CLANG_WARN_STRICT_PROTOTYPES = YES;
				CLANG_WARN_SUSPICIOUS_MOVE = YES;
				CLANG_WARN_UNGUARDED_AVAILABILITY = YES_AGGRESSIVE;
				CLANG_WARN_UNREACHABLE_CODE = YES;
				CLANG_WARN__DUPLICATE_METHOD_MATCH = YES;
				COPY_PHASE_STRIP = NO;
				DEBUG_INFORMATION_FORMAT = dwarf;
				ENABLE_STRICT_OBJC_MSGSEND = YES;
				ENABLE_TESTABILITY = YES;
				GCC_C_LANGUAGE_STANDARD = gnu11;
				GCC_DYNAMIC_NO_PIC = NO;
				GCC_NO_COMMON_BLOCKS = YES;
				GCC_OPTIMIZATION_LEVEL = 0;
				GCC_PREPROCESSOR_DEFINITIONS = (
					"DEBUG=1",
					"$(inherited)",
				);
				GCC_WARN_64_TO_32_BIT_CONVERSION = YES;
				GCC_WARN_ABOUT_RETURN_TYPE = YES_ERROR;
				GCC_WARN_UNDECLARED_SELECTOR = YES;
				GCC_WARN_UNINITIALIZED_AUTOS = YES_AGGRESSIVE;
				GCC_WARN_UNUSED_FUNCTION = YES;
				GCC_WARN_UNUSED_VARIABLE = YES;
				IPHONEOS_DEPLOYMENT_TARGET = 13.2;
				MTL_ENABLE_DEBUG_INFO = INCLUDE_SOURCE;
				MTL_FAST_MATH = YES;
				ONLY_ACTIVE_ARCH = YES;
				SDKROOT = iphoneos;
				SWIFT_ACTIVE_COMPILATION_CONDITIONS = DEBUG;
				SWIFT_OPTIMIZATION_LEVEL = "-Onone";
			};
			name = Debug;
		};
		7675EC01241B3C8C008575BB /* Release */ = {
			isa = XCBuildConfiguration;
			buildSettings = {
				ALWAYS_SEARCH_USER_PATHS = NO;
				CLANG_ANALYZER_NONNULL = YES;
				CLANG_ANALYZER_NUMBER_OBJECT_CONVERSION = YES_AGGRESSIVE;
				CLANG_CXX_LANGUAGE_STANDARD = "gnu++14";
				CLANG_CXX_LIBRARY = "libc++";
				CLANG_ENABLE_MODULES = YES;
				CLANG_ENABLE_OBJC_ARC = YES;
				CLANG_ENABLE_OBJC_WEAK = YES;
				CLANG_WARN_BLOCK_CAPTURE_AUTORELEASING = YES;
				CLANG_WARN_BOOL_CONVERSION = YES;
				CLANG_WARN_COMMA = YES;
				CLANG_WARN_CONSTANT_CONVERSION = YES;
				CLANG_WARN_DEPRECATED_OBJC_IMPLEMENTATIONS = YES;
				CLANG_WARN_DIRECT_OBJC_ISA_USAGE = YES_ERROR;
				CLANG_WARN_DOCUMENTATION_COMMENTS = YES;
				CLANG_WARN_EMPTY_BODY = YES;
				CLANG_WARN_ENUM_CONVERSION = YES;
				CLANG_WARN_INFINITE_RECURSION = YES;
				CLANG_WARN_INT_CONVERSION = YES;
				CLANG_WARN_NON_LITERAL_NULL_CONVERSION = YES;
				CLANG_WARN_OBJC_IMPLICIT_RETAIN_SELF = YES;
				CLANG_WARN_OBJC_LITERAL_CONVERSION = YES;
				CLANG_WARN_OBJC_ROOT_CLASS = YES_ERROR;
				CLANG_WARN_RANGE_LOOP_ANALYSIS = YES;
				CLANG_WARN_STRICT_PROTOTYPES = YES;
				CLANG_WARN_SUSPICIOUS_MOVE = YES;
				CLANG_WARN_UNGUARDED_AVAILABILITY = YES_AGGRESSIVE;
				CLANG_WARN_UNREACHABLE_CODE = YES;
				CLANG_WARN__DUPLICATE_METHOD_MATCH = YES;
				COPY_PHASE_STRIP = NO;
				DEBUG_INFORMATION_FORMAT = "dwarf-with-dsym";
				ENABLE_NS_ASSERTIONS = NO;
				ENABLE_STRICT_OBJC_MSGSEND = YES;
				GCC_C_LANGUAGE_STANDARD = gnu11;
				GCC_NO_COMMON_BLOCKS = YES;
				GCC_WARN_64_TO_32_BIT_CONVERSION = YES;
				GCC_WARN_ABOUT_RETURN_TYPE = YES_ERROR;
				GCC_WARN_UNDECLARED_SELECTOR = YES;
				GCC_WARN_UNINITIALIZED_AUTOS = YES_AGGRESSIVE;
				GCC_WARN_UNUSED_FUNCTION = YES;
				GCC_WARN_UNUSED_VARIABLE = YES;
				IPHONEOS_DEPLOYMENT_TARGET = 13.2;
				MTL_ENABLE_DEBUG_INFO = NO;
				MTL_FAST_MATH = YES;
				SDKROOT = iphoneos;
				SWIFT_COMPILATION_MODE = wholemodule;
				SWIFT_OPTIMIZATION_LEVEL = "-O";
				VALIDATE_PRODUCT = YES;
			};
			name = Release;
		};
		7675EC03241B3C8C008575BB /* Debug */ = {
			isa = XCBuildConfiguration;
			buildSettings = {
				ASSETCATALOG_COMPILER_APPICON_NAME = AppIcon;
				CODE_SIGN_STYLE = Automatic;
				DEVELOPMENT_ASSET_PATHS = "\"chat/Preview Content\"";
				ENABLE_PREVIEWS = YES;
				INFOPLIST_FILE = chat/Info.plist;
				LD_RUNPATH_SEARCH_PATHS = (
					"$(inherited)",
					"@executable_path/Frameworks",
				);
				PRODUCT_BUNDLE_IDENTIFIER = x.chat;
				PRODUCT_NAME = "$(TARGET_NAME)";
				SWIFT_VERSION = 5.0;
				TARGETED_DEVICE_FAMILY = "1,2";
			};
			name = Debug;
		};
		7675EC04241B3C8C008575BB /* Release */ = {
			isa = XCBuildConfiguration;
			buildSettings = {
				ASSETCATALOG_COMPILER_APPICON_NAME = AppIcon;
				CODE_SIGN_STYLE = Automatic;
				DEVELOPMENT_ASSET_PATHS = "\"chat/Preview Content\"";
				ENABLE_PREVIEWS = YES;
				INFOPLIST_FILE = chat/Info.plist;
				LD_RUNPATH_SEARCH_PATHS = (
					"$(inherited)",
					"@executable_path/Frameworks",
				);
				PRODUCT_BUNDLE_IDENTIFIER = x.chat;
				PRODUCT_NAME = "$(TARGET_NAME)";
				SWIFT_VERSION = 5.0;
				TARGETED_DEVICE_FAMILY = "1,2";
			};
			name = Release;
		};
/* End XCBuildConfiguration section */

/* Begin XCConfigurationList section */
		7675EBE9241B3C89008575BB /* Build configuration list for PBXProject "chat" */ = {
			isa = XCConfigurationList;
			buildConfigurations = (
				7675EC00241B3C8C008575BB /* Debug */,
				7675EC01241B3C8C008575BB /* Release */,
			);
			defaultConfigurationIsVisible = 0;
			defaultConfigurationName = Release;
		};
		7675EC02241B3C8C008575BB /* Build configuration list for PBXNativeTarget "chat" */ = {
			isa = XCConfigurationList;
			buildConfigurations = (
				7675EC03241B3C8C008575BB /* Debug */,
				7675EC04241B3C8C008575BB /* Release */,
			);
			defaultConfigurationIsVisible = 0;
			defaultConfigurationName = Release;
		};
/* End XCConfigurationList section */

/* Begin XCRemoteSwiftPackageReference section */
		761DE8C6241B6A8F00283B00 /* XCRemoteSwiftPackageReference "swift-protobuf" */ = {
			isa = XCRemoteSwiftPackageReference;
			repositoryURL = "https://github.com/apple/swift-protobuf.git";
			requirement = {
				kind = upToNextMajorVersion;
				minimumVersion = 1.6.0;
			};
		};
		761DE8C9241B6B2B00283B00 /* XCRemoteSwiftPackageReference "grpc-swift" */ = {
			isa = XCRemoteSwiftPackageReference;
			repositoryURL = "https://github.com/grpc/grpc-swift.git";
			requirement = {
				branch = nio;
				kind = branch;
			};
		};
/* End XCRemoteSwiftPackageReference section */

/* Begin XCSwiftPackageProductDependency section */
		761DE8C7241B6A8F00283B00 /* SwiftProtobuf */ = {
			isa = XCSwiftPackageProductDependency;
			package = 761DE8C6241B6A8F00283B00 /* XCRemoteSwiftPackageReference "swift-protobuf" */;
			productName = SwiftProtobuf;
		};
		761DE8CA241B6B2B00283B00 /* GRPC */ = {
			isa = XCSwiftPackageProductDependency;
			package = 761DE8C9241B6B2B00283B00 /* XCRemoteSwiftPackageReference "grpc-swift" */;
			productName = GRPC;
		};
/* End XCSwiftPackageProductDependency section */
	};
	rootObject = 7675EBE6241B3C89008575BB /* Project object */;
}
