PODS:
  - rapidjson (1.1.0)
  - SwiftyJSON (5.0.0)
  - Tink (1.4.0):
    - rapidjson (~> 1.1.0)

DEPENDENCIES:
  - SwiftyJSON
  - Tink

SPEC REPOS:
  trunk:
    - rapidjson
    - SwiftyJSON
    - Tink

SPEC CHECKSUMS:
  rapidjson: 926ddeea70d7a0987b6d746cd9fa51f165467cd3
  SwiftyJSON: 36413e04c44ee145039d332b4f4e2d3e8d6c4db7
  Tink: 65f9bdf23e13cbee49c4e06676fe8f88ffd320bf

PODFILE CHECKSUM: 487526dd394d202d08c464e03c936950c8f68ed1

COCOAPODS: 1.9.3
